
Microsoft Visual Studio Solution File, Format Version 12.00
# Visual Studio Version 16
VisualStudioVersion = 16.0.30804.86
MinimumVisualStudioVersion = 10.0.40219.1
Project("{FAE04EC0-301F-11D3-BF4B-00C04F79EFBC}") = "Safety Induction V0", "Safety Induction V0.csproj", "{097DCAFE-871F-4A2B-BC61-44B0B8DF129B}"
EndProject
Global
	GlobalSection(SolutionConfigurationPlatforms) = preSolution
		Debug|Any CPU = Debug|Any CPU
		Release|Any CPU = Release|Any CPU
	EndGlobalSection
	GlobalSection(ProjectConfigurationPlatforms) = postSolution
		{097DCAFE-871F-4A2B-BC61-44B0B8DF129B}.Debug|Any CPU.ActiveCfg = Debug|Any CPU
		{097DCAFE-871F-4A2B-BC61-44B0B8DF129B}.Debug|Any CPU.Build.0 = Debug|Any CPU
		{097DCAFE-871F-4A2B-BC61-44B0B8DF129B}.Release|Any CPU.ActiveCfg = Release|Any CPU
		{097DCAFE-871F-4A2B-BC61-44B0B8DF129B}.Release|Any CPU.Build.0 = Release|Any CPU
	EndGlobalSection
	GlobalSection(SolutionProperties) = preSolution
		HideSolutionNode = FALSE
	EndGlobalSection
	GlobalSection(ExtensibilityGlobals) = postSolution
		SolutionGuid = {A8323710-6F8A-4819-A2E3-679E2D817924}
	EndGlobalSection
EndGlobal
